// !$*UTF8*$!
{
	archiveVersion = 1;
	classes = {
	};
	objectVersion = 46;
	objects = {

/* Begin PBXBuildFile section */
		14BE29EE1D0F46B0009DEE94 /* AppDelegate.swift in Sources */ = {isa = PBXBuildFile; fileRef = 14BE29ED1D0F46B0009DEE94 /* AppDelegate.swift */; };
		14BE29F01D0F46B0009DEE94 /* ViewController.swift in Sources */ = {isa = PBXBuildFile; fileRef = 14BE29EF1D0F46B0009DEE94 /* ViewController.swift */; };
		14BE29F31D0F46B0009DEE94 /* Main.storyboard in Resources */ = {isa = PBXBuildFile; fileRef = 14BE29F11D0F46B0009DEE94 /* Main.storyboard */; };
		14BE29F51D0F46B1009DEE94 /* Assets.xcassets in Resources */ = {isa = PBXBuildFile; fileRef = 14BE29F41D0F46B1009DEE94 /* Assets.xcassets */; };
		14BE29F81D0F46B1009DEE94 /* LaunchScreen.storyboard in Resources */ = {isa = PBXBuildFile; fileRef = 14BE29F61D0F46B1009DEE94 /* LaunchScreen.storyboard */; };
		14BE2A031D0F4995009DEE94 /* tweet.json in Resources */ = {isa = PBXBuildFile; fileRef = 14BE2A021D0F4995009DEE94 /* tweet.json */; };
		14BE2A051D0F49BD009DEE94 /* Tweet.swift in Sources */ = {isa = PBXBuildFile; fileRef = 14BE2A041D0F49BD009DEE94 /* Tweet.swift */; };
		14BE2A071D0F49CB009DEE94 /* User.swift in Sources */ = {isa = PBXBuildFile; fileRef = 14BE2A061D0F49CB009DEE94 /* User.swift */; };
		14BE2A0A1D0F4B26009DEE94 /* JSONParser.swift in Sources */ = {isa = PBXBuildFile; fileRef = 14BE2A091D0F4B26009DEE94 /* JSONParser.swift */; };
		14BE2A0D1D1099FC009DEE94 /* API.swift in Sources */ = {isa = PBXBuildFile; fileRef = 14BE2A0C1D1099FC009DEE94 /* API.swift */; };
/* End PBXBuildFile section */

/* Begin PBXFileReference section */
		14BE29EA1D0F46B0009DEE94 /* TwitterClone.app */ = {isa = PBXFileReference; explicitFileType = wrapper.application; includeInIndex = 0; path = TwitterClone.app; sourceTree = BUILT_PRODUCTS_DIR; };
		14BE29ED1D0F46B0009DEE94 /* AppDelegate.swift */ = {isa = PBXFileReference; lastKnownFileType = sourcecode.swift; path = AppDelegate.swift; sourceTree = "<group>"; };
		14BE29EF1D0F46B0009DEE94 /* ViewController.swift */ = {isa = PBXFileReference; lastKnownFileType = sourcecode.swift; path = ViewController.swift; sourceTree = "<group>"; };
		14BE29F21D0F46B0009DEE94 /* Base */ = {isa = PBXFileReference; lastKnownFileType = file.storyboard; name = Base; path = Base.lproj/Main.storyboard; sourceTree = "<group>"; };
		14BE29F41D0F46B1009DEE94 /* Assets.xcassets */ = {isa = PBXFileReference; lastKnownFileType = folder.assetcatalog; path = Assets.xcassets; sourceTree = "<group>"; };
		14BE29F71D0F46B1009DEE94 /* Base */ = {isa = PBXFileReference; lastKnownFileType = file.storyboard; name = Base; path = Base.lproj/LaunchScreen.storyboard; sourceTree = "<group>"; };
		14BE29F91D0F46B1009DEE94 /* Info.plist */ = {isa = PBXFileReference; lastKnownFileType = text.plist.xml; path = Info.plist; sourceTree = "<group>"; };
		14BE2A021D0F4995009DEE94 /* tweet.json */ = {isa = PBXFileReference; fileEncoding = 4; lastKnownFileType = text.json; name = tweet.json; path = "../../../class-1/lecture/tweet.json"; sourceTree = "<group>"; };
		14BE2A041D0F49BD009DEE94 /* Tweet.swift */ = {isa = PBXFileReference; fileEncoding = 4; lastKnownFileType = sourcecode.swift; path = Tweet.swift; sourceTree = "<group>"; };
		14BE2A061D0F49CB009DEE94 /* User.swift */ = {isa = PBXFileReference; fileEncoding = 4; lastKnownFileType = sourcecode.swift; path = User.swift; sourceTree = "<group>"; };
		14BE2A091D0F4B26009DEE94 /* JSONParser.swift */ = {isa = PBXFileReference; fileEncoding = 4; lastKnownFileType = sourcecode.swift; path = JSONParser.swift; sourceTree = "<group>"; };
		14BE2A0C1D1099FC009DEE94 /* API.swift */ = {isa = PBXFileReference; fileEncoding = 4; lastKnownFileType = sourcecode.swift; path = API.swift; sourceTree = "<group>"; };
/* End PBXFileReference section */

/* Begin PBXFrameworksBuildPhase section */
		14BE29E71D0F46B0009DEE94 /* Frameworks */ = {
			isa = PBXFrameworksBuildPhase;
			buildActionMask = 2147483647;
			files = (
			);
			runOnlyForDeploymentPostprocessing = 0;
		};
/* End PBXFrameworksBuildPhase section */

/* Begin PBXGroup section */
		14BE29E11D0F46B0009DEE94 = {
			isa = PBXGroup;
			children = (
				14BE29EC1D0F46B0009DEE94 /* TwitterClone */,
				14BE29EB1D0F46B0009DEE94 /* Products */,
			);
			sourceTree = "<group>";
		};
		14BE29EB1D0F46B0009DEE94 /* Products */ = {
			isa = PBXGroup;
			children = (
				14BE29EA1D0F46B0009DEE94 /* TwitterClone.app */,
			);
			name = Products;
			sourceTree = "<group>";
		};
		14BE29EC1D0F46B0009DEE94 /* TwitterClone */ = {
			isa = PBXGroup;
			children = (
				14BE29FF1D0F4847009DEE94 /* App Global */,
				14BE2A011D0F48B8009DEE94 /* Controller */,
				14BE2A081D0F49D0009DEE94 /* Model */,
				14BE2A001D0F4867009DEE94 /* View */,
				14BE2A0B1D0F4B2A009DEE94 /* Utilities */,
			);
			path = TwitterClone;
			sourceTree = "<group>";
		};
		14BE29FF1D0F4847009DEE94 /* App Global */ = {
			isa = PBXGroup;
			children = (
				14BE29ED1D0F46B0009DEE94 /* AppDelegate.swift */,
				14BE29F91D0F46B1009DEE94 /* Info.plist */,
				14BE2A021D0F4995009DEE94 /* tweet.json */,
			);
			name = "App Global";
			sourceTree = "<group>";
		};
		14BE2A001D0F4867009DEE94 /* View */ = {
			isa = PBXGroup;
			children = (
				14BE29F41D0F46B1009DEE94 /* Assets.xcassets */,
				14BE29F61D0F46B1009DEE94 /* LaunchScreen.storyboard */,
				14BE29F11D0F46B0009DEE94 /* Main.storyboard */,
			);
			name = View;
			sourceTree = "<group>";
		};
		14BE2A011D0F48B8009DEE94 /* Controller */ = {
			isa = PBXGroup;
			children = (
				14BE29EF1D0F46B0009DEE94 /* ViewController.swift */,
			);
			name = Controller;
			sourceTree = "<group>";
		};
		14BE2A081D0F49D0009DEE94 /* Model */ = {
			isa = PBXGroup;
			children = (
				14BE2A041D0F49BD009DEE94 /* Tweet.swift */,
				14BE2A061D0F49CB009DEE94 /* User.swift */,
			);
			name = Model;
			sourceTree = "<group>";
		};
		14BE2A0B1D0F4B2A009DEE94 /* Utilities */ = {
			isa = PBXGroup;
			children = (
				14BE2A0C1D1099FC009DEE94 /* API.swift */,
				14BE2A091D0F4B26009DEE94 /* JSONParser.swift */,
			);
			name = Utilities;
			sourceTree = "<group>";
		};
/* End PBXGroup section */

/* Begin PBXNativeTarget section */
		14BE29E91D0F46B0009DEE94 /* TwitterClone */ = {
			isa = PBXNativeTarget;
			buildConfigurationList = 14BE29FC1D0F46B1009DEE94 /* Build configuration list for PBXNativeTarget "TwitterClone" */;
			buildPhases = (
				14BE29E61D0F46B0009DEE94 /* Sources */,
				14BE29E71D0F46B0009DEE94 /* Frameworks */,
				14BE29E81D0F46B0009DEE94 /* Resources */,
			);
			buildRules = (
			);
			dependencies = (
			);
			name = TwitterClone;
			productName = TwitterClone;
			productReference = 14BE29EA1D0F46B0009DEE94 /* TwitterClone.app */;
			productType = "com.apple.product-type.application";
		};
/* End PBXNativeTarget section */

/* Begin PBXProject section */
		14BE29E21D0F46B0009DEE94 /* Project object */ = {
			isa = PBXProject;
			attributes = {
				LastSwiftUpdateCheck = 0730;
				LastUpgradeCheck = 0730;
				ORGANIZATIONNAME = "Sung Kim";
				TargetAttributes = {
					14BE29E91D0F46B0009DEE94 = {
						CreatedOnToolsVersion = 7.3.1;
					};
				};
			};
			buildConfigurationList = 14BE29E51D0F46B0009DEE94 /* Build configuration list for PBXProject "TwitterClone" */;
			compatibilityVersion = "Xcode 3.2";
			developmentRegion = English;
			hasScannedForEncodings = 0;
			knownRegions = (
				en,
				Base,
			);
			mainGroup = 14BE29E11D0F46B0009DEE94;
			productRefGroup = 14BE29EB1D0F46B0009DEE94 /* Products */;
			projectDirPath = "";
			projectRoot = "";
			targets = (
				14BE29E91D0F46B0009DEE94 /* TwitterClone */,
			);
		};
/* End PBXProject section */

/* Begin PBXResourcesBuildPhase section */
		14BE29E81D0F46B0009DEE94 /* Resources */ = {
			isa = PBXResourcesBuildPhase;
			buildActionMask = 2147483647;
			files = (
				14BE29F81D0F46B1009DEE94 /* LaunchScreen.storyboard in Resources */,
				14BE29F51D0F46B1009DEE94 /* Assets.xcassets in Resources */,
				14BE29F31D0F46B0009DEE94 /* Main.storyboard in Resources */,
				14BE2A031D0F4995009DEE94 /* tweet.json in Resources */,
			);
			runOnlyForDeploymentPostprocessing = 0;
		};
/* End PBXResourcesBuildPhase section */

/* Begin PBXSourcesBuildPhase section */
		14BE29E61D0F46B0009DEE94 /* Sources */ = {
			isa = PBXSourcesBuildPhase;
			buildActionMask = 2147483647;
			files = (
				14BE2A071D0F49CB009DEE94 /* User.swift in Sources */,
				14BE2A0A1D0F4B26009DEE94 /* JSONParser.swift in Sources */,
				14BE2A051D0F49BD009DEE94 /* Tweet.swift in Sources */,
				14BE29F01D0F46B0009DEE94 /* ViewController.swift in Sources */,
				14BE2A0D1D1099FC009DEE94 /* API.swift in Sources */,
				14BE29EE1D0F46B0009DEE94 /* AppDelegate.swift in Sources */,
			);
			runOnlyForDeploymentPostprocessing = 0;
		};
/* End PBXSourcesBuildPhase section */

/* Begin PBXVariantGroup section */
		14BE29F11D0F46B0009DEE94 /* Main.storyboard */ = {
			isa = PBXVariantGroup;
			children = (
				14BE29F21D0F46B0009DEE94 /* Base */,
			);
			name = Main.storyboard;
			sourceTree = "<group>";
		};
		14BE29F61D0F46B1009DEE94 /* LaunchScreen.storyboard */ = {
			isa = PBXVariantGroup;
			children = (
				14BE29F71D0F46B1009DEE94 /* Base */,
			);
			name = LaunchScreen.storyboard;
			sourceTree = "<group>";
		};
/* End PBXVariantGroup section */

/* Begin XCBuildConfiguration section */
		14BE29FA1D0F46B1009DEE94 /* Debug */ = {
			isa = XCBuildConfiguration;
			buildSettings = {
				ALWAYS_SEARCH_USER_PATHS = NO;
				CLANG_ANALYZER_NONNULL = YES;
				CLANG_CXX_LANGUAGE_STANDARD = "gnu++0x";
				CLANG_CXX_LIBRARY = "libc++";
				CLANG_ENABLE_MODULES = YES;
				CLANG_ENABLE_OBJC_ARC = YES;
				CLANG_WARN_BOOL_CONVERSION = YES;
				CLANG_WARN_CONSTANT_CONVERSION = YES;
				CLANG_WARN_DIRECT_OBJC_ISA_USAGE = YES_ERROR;
				CLANG_WARN_EMPTY_BODY = YES;
				CLANG_WARN_ENUM_CONVERSION = YES;
				CLANG_WARN_INT_CONVERSION = YES;
				CLANG_WARN_OBJC_ROOT_CLASS = YES_ERROR;
				CLANG_WARN_UNREACHABLE_CODE = YES;
				CLANG_WARN__DUPLICATE_METHOD_MATCH = YES;
				"CODE_SIGN_IDENTITY[sdk=iphoneos*]" = "iPhone Developer";
				COPY_PHASE_STRIP = NO;
				DEBUG_INFORMATION_FORMAT = dwarf;
				ENABLE_STRICT_OBJC_MSGSEND = YES;
				ENABLE_TESTABILITY = YES;
				GCC_C_LANGUAGE_STANDARD = gnu99;
				GCC_DYNAMIC_NO_PIC = NO;
				GCC_NO_COMMON_BLOCKS = YES;
				GCC_OPTIMIZATION_LEVEL = 0;
				GCC_PREPROCESSOR_DEFINITIONS = (
					"DEBUG=1",
					"$(inherited)",
				);
				GCC_WARN_64_TO_32_BIT_CONVERSION = YES;
				GCC_WARN_ABOUT_RETURN_TYPE = YES_ERROR;
				GCC_WARN_UNDECLARED_SELECTOR = YES;
				GCC_WARN_UNINITIALIZED_AUTOS = YES_AGGRESSIVE;
				GCC_WARN_UNUSED_FUNCTION = YES;
				GCC_WARN_UNUSED_VARIABLE = YES;
				IPHONEOS_DEPLOYMENT_TARGET = 9.3;
				MTL_ENABLE_DEBUG_INFO = YES;
				ONLY_ACTIVE_ARCH = YES;
				SDKROOT = iphoneos;
				SWIFT_OPTIMIZATION_LEVEL = "-Onone";
				TARGETED_DEVICE_FAMILY = "1,2";
			};
			name = Debug;
		};
		14BE29FB1D0F46B1009DEE94 /* Release */ = {
			isa = XCBuildConfiguration;
			buildSettings = {
				ALWAYS_SEARCH_USER_PATHS = NO;
				CLANG_ANALYZER_NONNULL = YES;
				CLANG_CXX_LANGUAGE_STANDARD = "gnu++0x";
				CLANG_CXX_LIBRARY = "libc++";
				CLANG_ENABLE_MODULES = YES;
				CLANG_ENABLE_OBJC_ARC = YES;
				CLANG_WARN_BOOL_CONVERSION = YES;
				CLANG_WARN_CONSTANT_CONVERSION = YES;
				CLANG_WARN_DIRECT_OBJC_ISA_USAGE = YES_ERROR;
				CLANG_WARN_EMPTY_BODY = YES;
				CLANG_WARN_ENUM_CONVERSION = YES;
				CLANG_WARN_INT_CONVERSION = YES;
				CLANG_WARN_OBJC_ROOT_CLASS = YES_ERROR;
				CLANG_WARN_UNREACHABLE_CODE = YES;
				CLANG_WARN__DUPLICATE_METHOD_MATCH = YES;
				"CODE_SIGN_IDENTITY[sdk=iphoneos*]" = "iPhone Developer";
				COPY_PHASE_STRIP = NO;
				DEBUG_INFORMATION_FORMAT = "dwarf-with-dsym";
				ENABLE_NS_ASSERTIONS = NO;
				ENABLE_STRICT_OBJC_MSGSEND = YES;
				GCC_C_LANGUAGE_STANDARD = gnu99;
				GCC_NO_COMMON_BLOCKS = YES;
				GCC_WARN_64_TO_32_BIT_CONVERSION = YES;
				GCC_WARN_ABOUT_RETURN_TYPE = YES_ERROR;
				GCC_WARN_UNDECLARED_SELECTOR = YES;
				GCC_WARN_UNINITIALIZED_AUTOS = YES_AGGRESSIVE;
				GCC_WARN_UNUSED_FUNCTION = YES;
				GCC_WARN_UNUSED_VARIABLE = YES;
				IPHONEOS_DEPLOYMENT_TARGET = 9.3;
				MTL_ENABLE_DEBUG_INFO = NO;
				SDKROOT = iphoneos;
				TARGETED_DEVICE_FAMILY = "1,2";
				VALIDATE_PRODUCT = YES;
			};
			name = Release;
		};
		14BE29FD1D0F46B1009DEE94 /* Debug */ = {
			isa = XCBuildConfiguration;
			buildSettings = {
				ASSETCATALOG_COMPILER_APPICON_NAME = AppIcon;
				INFOPLIST_FILE = TwitterClone/Info.plist;
				LD_RUNPATH_SEARCH_PATHS = "$(inherited) @executable_path/Frameworks";
				PRODUCT_BUNDLE_IDENTIFIER = demo.TwitterClone;
				PRODUCT_NAME = "$(TARGET_NAME)";
			};
			name = Debug;
		};
		14BE29FE1D0F46B1009DEE94 /* Release */ = {
			isa = XCBuildConfiguration;
			buildSettings = {
				ASSETCATALOG_COMPILER_APPICON_NAME = AppIcon;
				INFOPLIST_FILE = TwitterClone/Info.plist;
				LD_RUNPATH_SEARCH_PATHS = "$(inherited) @executable_path/Frameworks";
				PRODUCT_BUNDLE_IDENTIFIER = demo.TwitterClone;
				PRODUCT_NAME = "$(TARGET_NAME)";
			};
			name = Release;
		};
/* End XCBuildConfiguration section */

/* Begin XCConfigurationList section */
		14BE29E51D0F46B0009DEE94 /* Build configuration list for PBXProject "TwitterClone" */ = {
			isa = XCConfigurationList;
			buildConfigurations = (
				14BE29FA1D0F46B1009DEE94 /* Debug */,
				14BE29FB1D0F46B1009DEE94 /* Release */,
			);
			defaultConfigurationIsVisible = 0;
			defaultConfigurationName = Release;
		};
		14BE29FC1D0F46B1009DEE94 /* Build configuration list for PBXNativeTarget "TwitterClone" */ = {
			isa = XCConfigurationList;
			buildConfigurations = (
				14BE29FD1D0F46B1009DEE94 /* Debug */,
				14BE29FE1D0F46B1009DEE94 /* Release */,
			);
			defaultConfigurationIsVisible = 0;
			defaultConfigurationName = Release;
		};
/* End XCConfigurationList section */
	};
	rootObject = 14BE29E21D0F46B0009DEE94 /* Project object */;
}
